
Microsoft Visual Studio Solution File, Format Version 12.00
# Visual Studio 15
VisualStudioVersion = 15.0.26124.0
MinimumVisualStudioVersion = 15.0.26124.0
Project("{2150E333-8FDC-42A3-9474-1A3956D46DE8}") = "src", "src", "{D42864B4-9C8C-42B7-AD95-CB0C7A22F23F}"
EndProject
Project("{FAE04EC0-301F-11D3-BF4B-00C04F79EFBC}") = "RFE.Service.FT.Core", "src\RFE.Service.FT.Core\RFE.Service.FT.Core.csproj", "{C947C1E0-D356-46AF-ADC4-B795A4EC8E0F}"
EndProject
Project("{FAE04EC0-301F-11D3-BF4B-00C04F79EFBC}") = "RFE.Service.FT.Infrastructure", "src\RFE.Service.FT.Infrastructure\RFE.Service.FT.Infrastructure.csproj", "{0DC75201-7776-4B5C-B4EC-A13B9CA601F3}"
EndProject
Project("{FAE04EC0-301F-11D3-BF4B-00C04F79EFBC}") = "RFE.Service.FT.Web", "src\RFE.Service.FT.Web\RFE.Service.FT.Web.csproj", "{9ED022D2-1CA0-49A8-832C-99C059A8A28E}"
EndProject
Project("{2150E333-8FDC-42A3-9474-1A3956D46DE8}") = "test", "test", "{17422277-347E-4697-9199-5B75821B88BD}"
EndProject
Project("{FAE04EC0-301F-11D3-BF4B-00C04F79EFBC}") = "RFE.Service.FT.Core.Test", "test\RFE.Service.FT.Core.Test\RFE.Service.FT.Core.Test.csproj", "{9176E6D2-0AA2-4F20-A6E8-1AAC97972B06}"
EndProject
Project("{FAE04EC0-301F-11D3-BF4B-00C04F79EFBC}") = "RFE.Service.FT.Infrastructure.Test", "test\RFE.Service.FT.Infrastructure.Test\RFE.Service.FT.Infrastructure.Test.csproj", "{011F84FB-FC59-434E-958A-E7965D101FCD}"
EndProject
Project("{FAE04EC0-301F-11D3-BF4B-00C04F79EFBC}") = "RFE.Service.FT.Web.Test", "test\RFE.Service.FT.Web.Test\RFE.Service.FT.Web.Test.csproj", "{D94CC9F7-F448-4989-B5CF-8E5BCE1A59CE}"
EndProject
Project("{FAE04EC0-301F-11D3-BF4B-00C04F79EFBC}") = "RFE.Service.FT.Integration.Test", "test\RFE.Service.FT.Integration.Test\RFE.Service.FT.Integration.Test.csproj", "{2AF21496-3B20-4951-9849-78E44D9C6D14}"
EndProject
Project("{FAE04EC0-301F-11D3-BF4B-00C04F79EFBC}") = "RFE.Service.FT.Acceptance.Test", "test\RFE.Service.FT.Acceptance.Test\RFE.Service.FT.Acceptance.Test.csproj", "{BBB999E0-D44C-44CC-9FE0-64287073C3C6}"
EndProject
Project("{FAE04EC0-301F-11D3-BF4B-00C04F79EFBC}") = "RFE.Service.FT.Component.Test", "test\RFE.Service.FT.Component.Test\RFE.Service.FT.Component.Test.csproj", "{7BFE3FD1-48DB-46EA-B610-17D9CF107352}"
EndProject
Global
	GlobalSection(SolutionConfigurationPlatforms) = preSolution
		Debug|Any CPU = Debug|Any CPU
		Debug|x64 = Debug|x64
		Debug|x86 = Debug|x86
		Release|Any CPU = Release|Any CPU
		Release|x64 = Release|x64
		Release|x86 = Release|x86
	EndGlobalSection
	GlobalSection(SolutionProperties) = preSolution
		HideSolutionNode = FALSE
	EndGlobalSection
	GlobalSection(ProjectConfigurationPlatforms) = postSolution
		{C947C1E0-D356-46AF-ADC4-B795A4EC8E0F}.Debug|Any CPU.ActiveCfg = Debug|Any CPU
		{C947C1E0-D356-46AF-ADC4-B795A4EC8E0F}.Debug|Any CPU.Build.0 = Debug|Any CPU
		{C947C1E0-D356-46AF-ADC4-B795A4EC8E0F}.Debug|x64.ActiveCfg = Debug|Any CPU
		{C947C1E0-D356-46AF-ADC4-B795A4EC8E0F}.Debug|x64.Build.0 = Debug|Any CPU
		{C947C1E0-D356-46AF-ADC4-B795A4EC8E0F}.Debug|x86.ActiveCfg = Debug|Any CPU
		{C947C1E0-D356-46AF-ADC4-B795A4EC8E0F}.Debug|x86.Build.0 = Debug|Any CPU
		{C947C1E0-D356-46AF-ADC4-B795A4EC8E0F}.Release|Any CPU.ActiveCfg = Release|Any CPU
		{C947C1E0-D356-46AF-ADC4-B795A4EC8E0F}.Release|Any CPU.Build.0 = Release|Any CPU
		{C947C1E0-D356-46AF-ADC4-B795A4EC8E0F}.Release|x64.ActiveCfg = Release|Any CPU
		{C947C1E0-D356-46AF-ADC4-B795A4EC8E0F}.Release|x64.Build.0 = Release|Any CPU
		{C947C1E0-D356-46AF-ADC4-B795A4EC8E0F}.Release|x86.ActiveCfg = Release|Any CPU
		{C947C1E0-D356-46AF-ADC4-B795A4EC8E0F}.Release|x86.Build.0 = Release|Any CPU
		{0DC75201-7776-4B5C-B4EC-A13B9CA601F3}.Debug|Any CPU.ActiveCfg = Debug|Any CPU
		{0DC75201-7776-4B5C-B4EC-A13B9CA601F3}.Debug|Any CPU.Build.0 = Debug|Any CPU
		{0DC75201-7776-4B5C-B4EC-A13B9CA601F3}.Debug|x64.ActiveCfg = Debug|Any CPU
		{0DC75201-7776-4B5C-B4EC-A13B9CA601F3}.Debug|x64.Build.0 = Debug|Any CPU
		{0DC75201-7776-4B5C-B4EC-A13B9CA601F3}.Debug|x86.ActiveCfg = Debug|Any CPU
		{0DC75201-7776-4B5C-B4EC-A13B9CA601F3}.Debug|x86.Build.0 = Debug|Any CPU
		{0DC75201-7776-4B5C-B4EC-A13B9CA601F3}.Release|Any CPU.ActiveCfg = Release|Any CPU
		{0DC75201-7776-4B5C-B4EC-A13B9CA601F3}.Release|Any CPU.Build.0 = Release|Any CPU
		{0DC75201-7776-4B5C-B4EC-A13B9CA601F3}.Release|x64.ActiveCfg = Release|Any CPU
		{0DC75201-7776-4B5C-B4EC-A13B9CA601F3}.Release|x64.Build.0 = Release|Any CPU
		{0DC75201-7776-4B5C-B4EC-A13B9CA601F3}.Release|x86.ActiveCfg = Release|Any CPU
		{0DC75201-7776-4B5C-B4EC-A13B9CA601F3}.Release|x86.Build.0 = Release|Any CPU
		{9ED022D2-1CA0-49A8-832C-99C059A8A28E}.Debug|Any CPU.ActiveCfg = Debug|Any CPU
		{9ED022D2-1CA0-49A8-832C-99C059A8A28E}.Debug|Any CPU.Build.0 = Debug|Any CPU
		{9ED022D2-1CA0-49A8-832C-99C059A8A28E}.Debug|x64.ActiveCfg = Debug|Any CPU
		{9ED022D2-1CA0-49A8-832C-99C059A8A28E}.Debug|x64.Build.0 = Debug|Any CPU
		{9ED022D2-1CA0-49A8-832C-99C059A8A28E}.Debug|x86.ActiveCfg = Debug|Any CPU
		{9ED022D2-1CA0-49A8-832C-99C059A8A28E}.Debug|x86.Build.0 = Debug|Any CPU
		{9ED022D2-1CA0-49A8-832C-99C059A8A28E}.Release|Any CPU.ActiveCfg = Release|Any CPU
		{9ED022D2-1CA0-49A8-832C-99C059A8A28E}.Release|Any CPU.Build.0 = Release|Any CPU
		{9ED022D2-1CA0-49A8-832C-99C059A8A28E}.Release|x64.ActiveCfg = Release|Any CPU
		{9ED022D2-1CA0-49A8-832C-99C059A8A28E}.Release|x64.Build.0 = Release|Any CPU
		{9ED022D2-1CA0-49A8-832C-99C059A8A28E}.Release|x86.ActiveCfg = Release|Any CPU
		{9ED022D2-1CA0-49A8-832C-99C059A8A28E}.Release|x86.Build.0 = Release|Any CPU
		{9176E6D2-0AA2-4F20-A6E8-1AAC97972B06}.Debug|Any CPU.ActiveCfg = Debug|Any CPU
		{9176E6D2-0AA2-4F20-A6E8-1AAC97972B06}.Debug|Any CPU.Build.0 = Debug|Any CPU
		{9176E6D2-0AA2-4F20-A6E8-1AAC97972B06}.Debug|x64.ActiveCfg = Debug|Any CPU
		{9176E6D2-0AA2-4F20-A6E8-1AAC97972B06}.Debug|x64.Build.0 = Debug|Any CPU
		{9176E6D2-0AA2-4F20-A6E8-1AAC97972B06}.Debug|x86.ActiveCfg = Debug|Any CPU
		{9176E6D2-0AA2-4F20-A6E8-1AAC97972B06}.Debug|x86.Build.0 = Debug|Any CPU
		{9176E6D2-0AA2-4F20-A6E8-1AAC97972B06}.Release|Any CPU.ActiveCfg = Release|Any CPU
		{9176E6D2-0AA2-4F20-A6E8-1AAC97972B06}.Release|Any CPU.Build.0 = Release|Any CPU
		{9176E6D2-0AA2-4F20-A6E8-1AAC97972B06}.Release|x64.ActiveCfg = Release|Any CPU
		{9176E6D2-0AA2-4F20-A6E8-1AAC97972B06}.Release|x64.Build.0 = Release|Any CPU
		{9176E6D2-0AA2-4F20-A6E8-1AAC97972B06}.Release|x86.ActiveCfg = Release|Any CPU
		{9176E6D2-0AA2-4F20-A6E8-1AAC97972B06}.Release|x86.Build.0 = Release|Any CPU
		{011F84FB-FC59-434E-958A-E7965D101FCD}.Debug|Any CPU.ActiveCfg = Debug|Any CPU
		{011F84FB-FC59-434E-958A-E7965D101FCD}.Debug|Any CPU.Build.0 = Debug|Any CPU
		{011F84FB-FC59-434E-958A-E7965D101FCD}.Debug|x64.ActiveCfg = Debug|Any CPU
		{011F84FB-FC59-434E-958A-E7965D101FCD}.Debug|x64.Build.0 = Debug|Any CPU
		{011F84FB-FC59-434E-958A-E7965D101FCD}.Debug|x86.ActiveCfg = Debug|Any CPU
		{011F84FB-FC59-434E-958A-E7965D101FCD}.Debug|x86.Build.0 = Debug|Any CPU
		{011F84FB-FC59-434E-958A-E7965D101FCD}.Release|Any CPU.ActiveCfg = Release|Any CPU
		{011F84FB-FC59-434E-958A-E7965D101FCD}.Release|Any CPU.Build.0 = Release|Any CPU
		{011F84FB-FC59-434E-958A-E7965D101FCD}.Release|x64.ActiveCfg = Release|Any CPU
		{011F84FB-FC59-434E-958A-E7965D101FCD}.Release|x64.Build.0 = Release|Any CPU
		{011F84FB-FC59-434E-958A-E7965D101FCD}.Release|x86.ActiveCfg = Release|Any CPU
		{011F84FB-FC59-434E-958A-E7965D101FCD}.Release|x86.Build.0 = Release|Any CPU
		{D94CC9F7-F448-4989-B5CF-8E5BCE1A59CE}.Debug|Any CPU.ActiveCfg = Debug|Any CPU
		{D94CC9F7-F448-4989-B5CF-8E5BCE1A59CE}.Debug|Any CPU.Build.0 = Debug|Any CPU
		{D94CC9F7-F448-4989-B5CF-8E5BCE1A59CE}.Debug|x64.ActiveCfg = Debug|Any CPU
		{D94CC9F7-F448-4989-B5CF-8E5BCE1A59CE}.Debug|x64.Build.0 = Debug|Any CPU
		{D94CC9F7-F448-4989-B5CF-8E5BCE1A59CE}.Debug|x86.ActiveCfg = Debug|Any CPU
		{D94CC9F7-F448-4989-B5CF-8E5BCE1A59CE}.Debug|x86.Build.0 = Debug|Any CPU
		{D94CC9F7-F448-4989-B5CF-8E5BCE1A59CE}.Release|Any CPU.ActiveCfg = Release|Any CPU
		{D94CC9F7-F448-4989-B5CF-8E5BCE1A59CE}.Release|Any CPU.Build.0 = Release|Any CPU
		{D94CC9F7-F448-4989-B5CF-8E5BCE1A59CE}.Release|x64.ActiveCfg = Release|Any CPU
		{D94CC9F7-F448-4989-B5CF-8E5BCE1A59CE}.Release|x64.Build.0 = Release|Any CPU
		{D94CC9F7-F448-4989-B5CF-8E5BCE1A59CE}.Release|x86.ActiveCfg = Release|Any CPU
		{D94CC9F7-F448-4989-B5CF-8E5BCE1A59CE}.Release|x86.Build.0 = Release|Any CPU
		{2AF21496-3B20-4951-9849-78E44D9C6D14}.Debug|Any CPU.ActiveCfg = Debug|Any CPU
		{2AF21496-3B20-4951-9849-78E44D9C6D14}.Debug|Any CPU.Build.0 = Debug|Any CPU
		{2AF21496-3B20-4951-9849-78E44D9C6D14}.Debug|x64.ActiveCfg = Debug|Any CPU
		{2AF21496-3B20-4951-9849-78E44D9C6D14}.Debug|x64.Build.0 = Debug|Any CPU
		{2AF21496-3B20-4951-9849-78E44D9C6D14}.Debug|x86.ActiveCfg = Debug|Any CPU
		{2AF21496-3B20-4951-9849-78E44D9C6D14}.Debug|x86.Build.0 = Debug|Any CPU
		{2AF21496-3B20-4951-9849-78E44D9C6D14}.Release|Any CPU.ActiveCfg = Release|Any CPU
		{2AF21496-3B20-4951-9849-78E44D9C6D14}.Release|Any CPU.Build.0 = Release|Any CPU
		{2AF21496-3B20-4951-9849-78E44D9C6D14}.Release|x64.ActiveCfg = Release|Any CPU
		{2AF21496-3B20-4951-9849-78E44D9C6D14}.Release|x64.Build.0 = Release|Any CPU
		{2AF21496-3B20-4951-9849-78E44D9C6D14}.Release|x86.ActiveCfg = Release|Any CPU
		{2AF21496-3B20-4951-9849-78E44D9C6D14}.Release|x86.Build.0 = Release|Any CPU
		{BBB999E0-D44C-44CC-9FE0-64287073C3C6}.Debug|Any CPU.ActiveCfg = Debug|Any CPU
		{BBB999E0-D44C-44CC-9FE0-64287073C3C6}.Debug|Any CPU.Build.0 = Debug|Any CPU
		{BBB999E0-D44C-44CC-9FE0-64287073C3C6}.Debug|x64.ActiveCfg = Debug|Any CPU
		{BBB999E0-D44C-44CC-9FE0-64287073C3C6}.Debug|x64.Build.0 = Debug|Any CPU
		{BBB999E0-D44C-44CC-9FE0-64287073C3C6}.Debug|x86.ActiveCfg = Debug|Any CPU
		{BBB999E0-D44C-44CC-9FE0-64287073C3C6}.Debug|x86.Build.0 = Debug|Any CPU
		{BBB999E0-D44C-44CC-9FE0-64287073C3C6}.Release|Any CPU.ActiveCfg = Release|Any CPU
		{BBB999E0-D44C-44CC-9FE0-64287073C3C6}.Release|Any CPU.Build.0 = Release|Any CPU
		{BBB999E0-D44C-44CC-9FE0-64287073C3C6}.Release|x64.ActiveCfg = Release|Any CPU
		{BBB999E0-D44C-44CC-9FE0-64287073C3C6}.Release|x64.Build.0 = Release|Any CPU
		{BBB999E0-D44C-44CC-9FE0-64287073C3C6}.Release|x86.ActiveCfg = Release|Any CPU
		{BBB999E0-D44C-44CC-9FE0-64287073C3C6}.Release|x86.Build.0 = Release|Any CPU
		{7BFE3FD1-48DB-46EA-B610-17D9CF107352}.Debug|Any CPU.ActiveCfg = Debug|Any CPU
		{7BFE3FD1-48DB-46EA-B610-17D9CF107352}.Debug|Any CPU.Build.0 = Debug|Any CPU
		{7BFE3FD1-48DB-46EA-B610-17D9CF107352}.Debug|x64.ActiveCfg = Debug|Any CPU
		{7BFE3FD1-48DB-46EA-B610-17D9CF107352}.Debug|x64.Build.0 = Debug|Any CPU
		{7BFE3FD1-48DB-46EA-B610-17D9CF107352}.Debug|x86.ActiveCfg = Debug|Any CPU
		{7BFE3FD1-48DB-46EA-B610-17D9CF107352}.Debug|x86.Build.0 = Debug|Any CPU
		{7BFE3FD1-48DB-46EA-B610-17D9CF107352}.Release|Any CPU.ActiveCfg = Release|Any CPU
		{7BFE3FD1-48DB-46EA-B610-17D9CF107352}.Release|Any CPU.Build.0 = Release|Any CPU
		{7BFE3FD1-48DB-46EA-B610-17D9CF107352}.Release|x64.ActiveCfg = Release|Any CPU
		{7BFE3FD1-48DB-46EA-B610-17D9CF107352}.Release|x64.Build.0 = Release|Any CPU
		{7BFE3FD1-48DB-46EA-B610-17D9CF107352}.Release|x86.ActiveCfg = Release|Any CPU
		{7BFE3FD1-48DB-46EA-B610-17D9CF107352}.Release|x86.Build.0 = Release|Any CPU
	EndGlobalSection
	GlobalSection(NestedProjects) = preSolution
		{C947C1E0-D356-46AF-ADC4-B795A4EC8E0F} = {D42864B4-9C8C-42B7-AD95-CB0C7A22F23F}
		{0DC75201-7776-4B5C-B4EC-A13B9CA601F3} = {D42864B4-9C8C-42B7-AD95-CB0C7A22F23F}
		{9ED022D2-1CA0-49A8-832C-99C059A8A28E} = {D42864B4-9C8C-42B7-AD95-CB0C7A22F23F}
		{9176E6D2-0AA2-4F20-A6E8-1AAC97972B06} = {17422277-347E-4697-9199-5B75821B88BD}
		{011F84FB-FC59-434E-958A-E7965D101FCD} = {17422277-347E-4697-9199-5B75821B88BD}
		{D94CC9F7-F448-4989-B5CF-8E5BCE1A59CE} = {17422277-347E-4697-9199-5B75821B88BD}
		{2AF21496-3B20-4951-9849-78E44D9C6D14} = {17422277-347E-4697-9199-5B75821B88BD}
		{BBB999E0-D44C-44CC-9FE0-64287073C3C6} = {17422277-347E-4697-9199-5B75821B88BD}
		{7BFE3FD1-48DB-46EA-B610-17D9CF107352} = {17422277-347E-4697-9199-5B75821B88BD}
	EndGlobalSection
EndGlobal
